
Microsoft Visual Studio Solution File, Format Version 12.00
# Visual Studio Version 16
VisualStudioVersion = 16.0.31424.327
MinimumVisualStudioVersion = 10.0.40219.1
Project("{FAE04EC0-301F-11D3-BF4B-00C04F79EFBC}") = "Collimation", "Collimation\Collimation.csproj", "{9E31394A-A918-4AF0-B7E7-9C237CA0A21A}"
EndProject
Global
	GlobalSection(SolutionConfigurationPlatforms) = preSolution
		Debug|Any CPU = Debug|Any CPU
		Release|Any CPU = Release|Any CPU
	EndGlobalSection
	GlobalSection(ProjectConfigurationPlatforms) = postSolution
		{9E31394A-A918-4AF0-B7E7-9C237CA0A21A}.Debug|Any CPU.ActiveCfg = Debug|Any CPU
		{9E31394A-A918-4AF0-B7E7-9C237CA0A21A}.Debug|Any CPU.Build.0 = Debug|Any CPU
		{9E31394A-A918-4AF0-B7E7-9C237CA0A21A}.Release|Any CPU.ActiveCfg = Release|Any CPU
		{9E31394A-A918-4AF0-B7E7-9C237CA0A21A}.Release|Any CPU.Build.0 = Release|Any CPU
	EndGlobalSection
	GlobalSection(SolutionProperties) = preSolution
		HideSolutionNode = FALSE
	EndGlobalSection
	GlobalSection(ExtensibilityGlobals) = postSolution
		SolutionGuid = {C3B66548-EDA4-4DDE-BEDE-C6E412859FA1}
	EndGlobalSection
EndGlobal
